
Microsoft Visual Studio Solution File, Format Version 12.00
# Visual Studio Version 17
VisualStudioVersion = 17.13.35825.156 d17.13
MinimumVisualStudioVersion = 10.0.40219.1
Project("{FAE04EC0-301F-11D3-BF4B-00C04F79EFBC}") = "Boids", "boids\Boids.csproj", "{333132AF-6D25-E10B-CFB5-6120C997659B}"
EndProject
Global
	GlobalSection(SolutionConfigurationPlatforms) = preSolution
		Debug|Any CPU = Debug|Any CPU
		Release|Any CPU = Release|Any CPU
	EndGlobalSection
	GlobalSection(ProjectConfigurationPlatforms) = postSolution
		{333132AF-6D25-E10B-CFB5-6120C997659B}.Debug|Any CPU.ActiveCfg = Debug|Any CPU
		{333132AF-6D25-E10B-CFB5-6120C997659B}.Debug|Any CPU.Build.0 = Debug|Any CPU
		{333132AF-6D25-E10B-CFB5-6120C997659B}.Release|Any CPU.ActiveCfg = Release|Any CPU
		{333132AF-6D25-E10B-CFB5-6120C997659B}.Release|Any CPU.Build.0 = Release|Any CPU
	EndGlobalSection
	GlobalSection(SolutionProperties) = preSolution
		HideSolutionNode = FALSE
	EndGlobalSection
	GlobalSection(ExtensibilityGlobals) = postSolution
		SolutionGuid = {26C51F80-3427-409D-B76E-92F1A9D051A9}
	EndGlobalSection
EndGlobal
